
Microsoft Visual Studio Solution File, Format Version 12.00
# Visual Studio 15
VisualStudioVersion = 15.0.26430.14
MinimumVisualStudioVersion = 10.0.40219.1
Project("{FAE04EC0-301F-11D3-BF4B-00C04F79EFBC}") = "ReactSharp", "ReactSharp\ReactSharp.csproj", "{74735E05-D747-4FFE-92E3-62BF93E75781}"
EndProject
Project("{9092AA53-FB77-4645-B42D-1CCCA6BD08BD}") = "ReactSharp.UI", "ReactSharp.UI\ReactSharp.UI.njsproj", "{C2E41923-82EB-42AB-A750-6BBF00CB49A0}"
EndProject
Global
	GlobalSection(SolutionConfigurationPlatforms) = preSolution
		Debug|Any CPU = Debug|Any CPU
		Release|Any CPU = Release|Any CPU
	EndGlobalSection
	GlobalSection(ProjectConfigurationPlatforms) = postSolution
		{74735E05-D747-4FFE-92E3-62BF93E75781}.Debug|Any CPU.ActiveCfg = Debug|Any CPU
		{74735E05-D747-4FFE-92E3-62BF93E75781}.Debug|Any CPU.Build.0 = Debug|Any CPU
		{74735E05-D747-4FFE-92E3-62BF93E75781}.Release|Any CPU.ActiveCfg = Release|Any CPU
		{74735E05-D747-4FFE-92E3-62BF93E75781}.Release|Any CPU.Build.0 = Release|Any CPU
		{C2E41923-82EB-42AB-A750-6BBF00CB49A0}.Debug|Any CPU.ActiveCfg = Debug|Any CPU
		{C2E41923-82EB-42AB-A750-6BBF00CB49A0}.Debug|Any CPU.Build.0 = Debug|Any CPU
		{C2E41923-82EB-42AB-A750-6BBF00CB49A0}.Release|Any CPU.ActiveCfg = Release|Any CPU
		{C2E41923-82EB-42AB-A750-6BBF00CB49A0}.Release|Any CPU.Build.0 = Release|Any CPU
	EndGlobalSection
	GlobalSection(SolutionProperties) = preSolution
		HideSolutionNode = FALSE
	EndGlobalSection
EndGlobal
